// !$*UTF8*$!
{
	archiveVersion = 1;
	classes = {
	};
	objectVersion = 50;
	objects = {

/* Begin PBXBuildFile section */
		E080292C25F7BD1700E2D953 /* AppDelegate.swift in Sources */ = {isa = PBXBuildFile; fileRef = E080292B25F7BD1700E2D953 /* AppDelegate.swift */; };
		E080293025F7BD1700E2D953 /* MainViewController.swift in Sources */ = {isa = PBXBuildFile; fileRef = E080292F25F7BD1700E2D953 /* MainViewController.swift */; };
		E080293525F7BD1A00E2D953 /* Assets.xcassets in Resources */ = {isa = PBXBuildFile; fileRef = E080293425F7BD1A00E2D953 /* Assets.xcassets */; };
		E080293825F7BD1A00E2D953 /* LaunchScreen.storyboard in Resources */ = {isa = PBXBuildFile; fileRef = E080293625F7BD1A00E2D953 /* LaunchScreen.storyboard */; };
		E080294625F7C12400E2D953 /* MainView.swift in Sources */ = {isa = PBXBuildFile; fileRef = E080294525F7C12400E2D953 /* MainView.swift */; };
		E080294B25F7C34000E2D953 /* ViewModel.swift in Sources */ = {isa = PBXBuildFile; fileRef = E080294A25F7C34000E2D953 /* ViewModel.swift */; };
		E080295025F7C35100E2D953 /* Model.swift in Sources */ = {isa = PBXBuildFile; fileRef = E080294F25F7C35100E2D953 /* Model.swift */; };
/* End PBXBuildFile section */

/* Begin PBXFileReference section */
		E080292825F7BD1700E2D953 /* SkyWebProTest.app */ = {isa = PBXFileReference; explicitFileType = wrapper.application; includeInIndex = 0; path = SkyWebProTest.app; sourceTree = BUILT_PRODUCTS_DIR; };
		E080292B25F7BD1700E2D953 /* AppDelegate.swift */ = {isa = PBXFileReference; lastKnownFileType = sourcecode.swift; path = AppDelegate.swift; sourceTree = "<group>"; };
		E080292F25F7BD1700E2D953 /* MainViewController.swift */ = {isa = PBXFileReference; lastKnownFileType = sourcecode.swift; path = MainViewController.swift; sourceTree = "<group>"; };
		E080293425F7BD1A00E2D953 /* Assets.xcassets */ = {isa = PBXFileReference; lastKnownFileType = folder.assetcatalog; path = Assets.xcassets; sourceTree = "<group>"; };
		E080293725F7BD1A00E2D953 /* Base */ = {isa = PBXFileReference; lastKnownFileType = file.storyboard; name = Base; path = Base.lproj/LaunchScreen.storyboard; sourceTree = "<group>"; };
		E080293925F7BD1A00E2D953 /* Info.plist */ = {isa = PBXFileReference; lastKnownFileType = text.plist.xml; path = Info.plist; sourceTree = "<group>"; };
		E080294525F7C12400E2D953 /* MainView.swift */ = {isa = PBXFileReference; lastKnownFileType = sourcecode.swift; path = MainView.swift; sourceTree = "<group>"; };
		E080294A25F7C34000E2D953 /* ViewModel.swift */ = {isa = PBXFileReference; lastKnownFileType = sourcecode.swift; path = ViewModel.swift; sourceTree = "<group>"; };
		E080294F25F7C35100E2D953 /* Model.swift */ = {isa = PBXFileReference; lastKnownFileType = sourcecode.swift; path = Model.swift; sourceTree = "<group>"; };
/* End PBXFileReference section */

/* Begin PBXFrameworksBuildPhase section */
		E080292525F7BD1700E2D953 /* Frameworks */ = {
			isa = PBXFrameworksBuildPhase;
			buildActionMask = 2147483647;
			files = (
			);
			runOnlyForDeploymentPostprocessing = 0;
		};
/* End PBXFrameworksBuildPhase section */

/* Begin PBXGroup section */
		E080291F25F7BD1700E2D953 = {
			isa = PBXGroup;
			children = (
				E080292A25F7BD1700E2D953 /* SkyWebProTest */,
				E080292925F7BD1700E2D953 /* Products */,
			);
			sourceTree = "<group>";
		};
		E080292925F7BD1700E2D953 /* Products */ = {
			isa = PBXGroup;
			children = (
				E080292825F7BD1700E2D953 /* SkyWebProTest.app */,
			);
			name = Products;
			sourceTree = "<group>";
		};
		E080292A25F7BD1700E2D953 /* SkyWebProTest */ = {
			isa = PBXGroup;
			children = (
				E080294E25F7C34A00E2D953 /* Model */,
				E080292B25F7BD1700E2D953 /* AppDelegate.swift */,
				E080294925F7C32B00E2D953 /* ViewModel */,
				E080294425F7C10200E2D953 /* Controlers */,
				E080293425F7BD1A00E2D953 /* Assets.xcassets */,
				E080293625F7BD1A00E2D953 /* LaunchScreen.storyboard */,
				E080293925F7BD1A00E2D953 /* Info.plist */,
			);
			path = SkyWebProTest;
			sourceTree = "<group>";
		};
		E080294425F7C10200E2D953 /* Controlers */ = {
			isa = PBXGroup;
			children = (
				E080292F25F7BD1700E2D953 /* MainViewController.swift */,
				E080294525F7C12400E2D953 /* MainView.swift */,
			);
			path = Controlers;
			sourceTree = "<group>";
		};
		E080294925F7C32B00E2D953 /* ViewModel */ = {
			isa = PBXGroup;
			children = (
				E080294A25F7C34000E2D953 /* ViewModel.swift */,
			);
			path = ViewModel;
			sourceTree = "<group>";
		};
		E080294E25F7C34A00E2D953 /* Model */ = {
			isa = PBXGroup;
			children = (
				E080294F25F7C35100E2D953 /* Model.swift */,
			);
			path = Model;
			sourceTree = "<group>";
		};
/* End PBXGroup section */

/* Begin PBXNativeTarget section */
		E080292725F7BD1700E2D953 /* SkyWebProTest */ = {
			isa = PBXNativeTarget;
			buildConfigurationList = E080293C25F7BD1A00E2D953 /* Build configuration list for PBXNativeTarget "SkyWebProTest" */;
			buildPhases = (
				E080292425F7BD1700E2D953 /* Sources */,
				E080292525F7BD1700E2D953 /* Frameworks */,
				E080292625F7BD1700E2D953 /* Resources */,
			);
			buildRules = (
			);
			dependencies = (
			);
			name = SkyWebProTest;
			productName = SkyWebProTest;
			productReference = E080292825F7BD1700E2D953 /* SkyWebProTest.app */;
			productType = "com.apple.product-type.application";
		};
/* End PBXNativeTarget section */

/* Begin PBXProject section */
		E080292025F7BD1700E2D953 /* Project object */ = {
			isa = PBXProject;
			attributes = {
				LastSwiftUpdateCheck = 1240;
				LastUpgradeCheck = 1240;
				TargetAttributes = {
					E080292725F7BD1700E2D953 = {
						CreatedOnToolsVersion = 12.4;
					};
				};
			};
			buildConfigurationList = E080292325F7BD1700E2D953 /* Build configuration list for PBXProject "SkyWebProTest" */;
			compatibilityVersion = "Xcode 9.3";
			developmentRegion = en;
			hasScannedForEncodings = 0;
			knownRegions = (
				en,
				Base,
			);
			mainGroup = E080291F25F7BD1700E2D953;
			productRefGroup = E080292925F7BD1700E2D953 /* Products */;
			projectDirPath = "";
			projectRoot = "";
			targets = (
				E080292725F7BD1700E2D953 /* SkyWebProTest */,
			);
		};
/* End PBXProject section */

/* Begin PBXResourcesBuildPhase section */
		E080292625F7BD1700E2D953 /* Resources */ = {
			isa = PBXResourcesBuildPhase;
			buildActionMask = 2147483647;
			files = (
				E080293825F7BD1A00E2D953 /* LaunchScreen.storyboard in Resources */,
				E080293525F7BD1A00E2D953 /* Assets.xcassets in Resources */,
			);
			runOnlyForDeploymentPostprocessing = 0;
		};
/* End PBXResourcesBuildPhase section */

/* Begin PBXSourcesBuildPhase section */
		E080292425F7BD1700E2D953 /* Sources */ = {
			isa = PBXSourcesBuildPhase;
			buildActionMask = 2147483647;
			files = (
				E080295025F7C35100E2D953 /* Model.swift in Sources */,
				E080293025F7BD1700E2D953 /* MainViewController.swift in Sources */,
				E080294625F7C12400E2D953 /* MainView.swift in Sources */,
				E080294B25F7C34000E2D953 /* ViewModel.swift in Sources */,
				E080292C25F7BD1700E2D953 /* AppDelegate.swift in Sources */,
			);
			runOnlyForDeploymentPostprocessing = 0;
		};
/* End PBXSourcesBuildPhase section */

/* Begin PBXVariantGroup section */
		E080293625F7BD1A00E2D953 /* LaunchScreen.storyboard */ = {
			isa = PBXVariantGroup;
			children = (
				E080293725F7BD1A00E2D953 /* Base */,
			);
			name = LaunchScreen.storyboard;
			sourceTree = "<group>";
		};
/* End PBXVariantGroup section */

/* Begin XCBuildConfiguration section */
		E080293A25F7BD1A00E2D953 /* Debug */ = {
			isa = XCBuildConfiguration;
			buildSettings = {
				ALWAYS_SEARCH_USER_PATHS = NO;
				CLANG_ANALYZER_NONNULL = YES;
				CLANG_ANALYZER_NUMBER_OBJECT_CONVERSION = YES_AGGRESSIVE;
				CLANG_CXX_LANGUAGE_STANDARD = "gnu++14";
				CLANG_CXX_LIBRARY = "libc++";
				CLANG_ENABLE_MODULES = YES;
				CLANG_ENABLE_OBJC_ARC = YES;
				CLANG_ENABLE_OBJC_WEAK = YES;
				CLANG_WARN_BLOCK_CAPTURE_AUTORELEASING = YES;
				CLANG_WARN_BOOL_CONVERSION = YES;
				CLANG_WARN_COMMA = YES;
				CLANG_WARN_CONSTANT_CONVERSION = YES;
				CLANG_WARN_DEPRECATED_OBJC_IMPLEMENTATIONS = YES;
				CLANG_WARN_DIRECT_OBJC_ISA_USAGE = YES_ERROR;
				CLANG_WARN_DOCUMENTATION_COMMENTS = YES;
				CLANG_WARN_EMPTY_BODY = YES;
				CLANG_WARN_ENUM_CONVERSION = YES;
				CLANG_WARN_INFINITE_RECURSION = YES;
				CLANG_WARN_INT_CONVERSION = YES;
				CLANG_WARN_NON_LITERAL_NULL_CONVERSION = YES;
				CLANG_WARN_OBJC_IMPLICIT_RETAIN_SELF = YES;
				CLANG_WARN_OBJC_LITERAL_CONVERSION = YES;
				CLANG_WARN_OBJC_ROOT_CLASS = YES_ERROR;
				CLANG_WARN_QUOTED_INCLUDE_IN_FRAMEWORK_HEADER = YES;
				CLANG_WARN_RANGE_LOOP_ANALYSIS = YES;
				CLANG_WARN_STRICT_PROTOTYPES = YES;
				CLANG_WARN_SUSPICIOUS_MOVE = YES;
				CLANG_WARN_UNGUARDED_AVAILABILITY = YES_AGGRESSIVE;
				CLANG_WARN_UNREACHABLE_CODE = YES;
				CLANG_WARN__DUPLICATE_METHOD_MATCH = YES;
				COPY_PHASE_STRIP = NO;
				DEBUG_INFORMATION_FORMAT = dwarf;
				ENABLE_STRICT_OBJC_MSGSEND = YES;
				ENABLE_TESTABILITY = YES;
				GCC_C_LANGUAGE_STANDARD = gnu11;
				GCC_DYNAMIC_NO_PIC = NO;
				GCC_NO_COMMON_BLOCKS = YES;
				GCC_OPTIMIZATION_LEVEL = 0;
				GCC_PREPROCESSOR_DEFINITIONS = (
					"DEBUG=1",
					"$(inherited)",
				);
				GCC_WARN_64_TO_32_BIT_CONVERSION = YES;
				GCC_WARN_ABOUT_RETURN_TYPE = YES_ERROR;
				GCC_WARN_UNDECLARED_SELECTOR = YES;
				GCC_WARN_UNINITIALIZED_AUTOS = YES_AGGRESSIVE;
				GCC_WARN_UNUSED_FUNCTION = YES;
				GCC_WARN_UNUSED_VARIABLE = YES;
				IPHONEOS_DEPLOYMENT_TARGET = 14.4;
				MTL_ENABLE_DEBUG_INFO = INCLUDE_SOURCE;
				MTL_FAST_MATH = YES;
				ONLY_ACTIVE_ARCH = YES;
				SDKROOT = iphoneos;
				SWIFT_ACTIVE_COMPILATION_CONDITIONS = DEBUG;
				SWIFT_OPTIMIZATION_LEVEL = "-Onone";
			};
			name = Debug;
		};
		E080293B25F7BD1A00E2D953 /* Release */ = {
			isa = XCBuildConfiguration;
			buildSettings = {
				ALWAYS_SEARCH_USER_PATHS = NO;
				CLANG_ANALYZER_NONNULL = YES;
				CLANG_ANALYZER_NUMBER_OBJECT_CONVERSION = YES_AGGRESSIVE;
				CLANG_CXX_LANGUAGE_STANDARD = "gnu++14";
				CLANG_CXX_LIBRARY = "libc++";
				CLANG_ENABLE_MODULES = YES;
				CLANG_ENABLE_OBJC_ARC = YES;
				CLANG_ENABLE_OBJC_WEAK = YES;
				CLANG_WARN_BLOCK_CAPTURE_AUTORELEASING = YES;
				CLANG_WARN_BOOL_CONVERSION = YES;
				CLANG_WARN_COMMA = YES;
				CLANG_WARN_CONSTANT_CONVERSION = YES;
				CLANG_WARN_DEPRECATED_OBJC_IMPLEMENTATIONS = YES;
				CLANG_WARN_DIRECT_OBJC_ISA_USAGE = YES_ERROR;
				CLANG_WARN_DOCUMENTATION_COMMENTS = YES;
				CLANG_WARN_EMPTY_BODY = YES;
				CLANG_WARN_ENUM_CONVERSION = YES;
				CLANG_WARN_INFINITE_RECURSION = YES;
				CLANG_WARN_INT_CONVERSION = YES;
				CLANG_WARN_NON_LITERAL_NULL_CONVERSION = YES;
				CLANG_WARN_OBJC_IMPLICIT_RETAIN_SELF = YES;
				CLANG_WARN_OBJC_LITERAL_CONVERSION = YES;
				CLANG_WARN_OBJC_ROOT_CLASS = YES_ERROR;
				CLANG_WARN_QUOTED_INCLUDE_IN_FRAMEWORK_HEADER = YES;
				CLANG_WARN_RANGE_LOOP_ANALYSIS = YES;
				CLANG_WARN_STRICT_PROTOTYPES = YES;
				CLANG_WARN_SUSPICIOUS_MOVE = YES;
				CLANG_WARN_UNGUARDED_AVAILABILITY = YES_AGGRESSIVE;
				CLANG_WARN_UNREACHABLE_CODE = YES;
				CLANG_WARN__DUPLICATE_METHOD_MATCH = YES;
				COPY_PHASE_STRIP = NO;
				DEBUG_INFORMATION_FORMAT = "dwarf-with-dsym";
				ENABLE_NS_ASSERTIONS = NO;
				ENABLE_STRICT_OBJC_MSGSEND = YES;
				GCC_C_LANGUAGE_STANDARD = gnu11;
				GCC_NO_COMMON_BLOCKS = YES;
				GCC_WARN_64_TO_32_BIT_CONVERSION = YES;
				GCC_WARN_ABOUT_RETURN_TYPE = YES_ERROR;
				GCC_WARN_UNDECLARED_SELECTOR = YES;
				GCC_WARN_UNINITIALIZED_AUTOS = YES_AGGRESSIVE;
				GCC_WARN_UNUSED_FUNCTION = YES;
				GCC_WARN_UNUSED_VARIABLE = YES;
				IPHONEOS_DEPLOYMENT_TARGET = 14.4;
				MTL_ENABLE_DEBUG_INFO = NO;
				MTL_FAST_MATH = YES;
				SDKROOT = iphoneos;
				SWIFT_COMPILATION_MODE = wholemodule;
				SWIFT_OPTIMIZATION_LEVEL = "-O";
				VALIDATE_PRODUCT = YES;
			};
			name = Release;
		};
		E080293D25F7BD1A00E2D953 /* Debug */ = {
			isa = XCBuildConfiguration;
			buildSettings = {
				ASSETCATALOG_COMPILER_APPICON_NAME = AppIcon;
				ASSETCATALOG_COMPILER_GLOBAL_ACCENT_COLOR_NAME = AccentColor;
				CODE_SIGN_STYLE = Automatic;
				DEVELOPMENT_TEAM = Q2UDMR8XH2;
				INFOPLIST_FILE = SkyWebProTest/Info.plist;
				IPHONEOS_DEPLOYMENT_TARGET = 11.0;
				LD_RUNPATH_SEARCH_PATHS = (
					"$(inherited)",
					"@executable_path/Frameworks",
				);
				PRODUCT_BUNDLE_IDENTIFIER = com.Roma.SkyWebProTest;
				PRODUCT_NAME = "$(TARGET_NAME)";
				SWIFT_VERSION = 5.0;
				TARGETED_DEVICE_FAMILY = "1,2";
			};
			name = Debug;
		};
		E080293E25F7BD1A00E2D953 /* Release */ = {
			isa = XCBuildConfiguration;
			buildSettings = {
				ASSETCATALOG_COMPILER_APPICON_NAME = AppIcon;
				ASSETCATALOG_COMPILER_GLOBAL_ACCENT_COLOR_NAME = AccentColor;
				CODE_SIGN_STYLE = Automatic;
				DEVELOPMENT_TEAM = Q2UDMR8XH2;
				INFOPLIST_FILE = SkyWebProTest/Info.plist;
				IPHONEOS_DEPLOYMENT_TARGET = 11.0;
				LD_RUNPATH_SEARCH_PATHS = (
					"$(inherited)",
					"@executable_path/Frameworks",
				);
				PRODUCT_BUNDLE_IDENTIFIER = com.Roma.SkyWebProTest;
				PRODUCT_NAME = "$(TARGET_NAME)";
				SWIFT_VERSION = 5.0;
				TARGETED_DEVICE_FAMILY = "1,2";
			};
			name = Release;
		};
/* End XCBuildConfiguration section */

/* Begin XCConfigurationList section */
		E080292325F7BD1700E2D953 /* Build configuration list for PBXProject "SkyWebProTest" */ = {
			isa = XCConfigurationList;
			buildConfigurations = (
				E080293A25F7BD1A00E2D953 /* Debug */,
				E080293B25F7BD1A00E2D953 /* Release */,
			);
			defaultConfigurationIsVisible = 0;
			defaultConfigurationName = Release;
		};
		E080293C25F7BD1A00E2D953 /* Build configuration list for PBXNativeTarget "SkyWebProTest" */ = {
			isa = XCConfigurationList;
			buildConfigurations = (
				E080293D25F7BD1A00E2D953 /* Debug */,
				E080293E25F7BD1A00E2D953 /* Release */,
			);
			defaultConfigurationIsVisible = 0;
			defaultConfigurationName = Release;
		};
/* End XCConfigurationList section */
	};
	rootObject = E080292025F7BD1700E2D953 /* Project object */;
}
